// !$*UTF8*$!
{
	archiveVersion = 1;
	classes = {
	};
	objectVersion = 46;
	objects = {

/* Begin PBXBuildFile section */
		B50576051CD7CBA50027FC58 /* AppDelegate.swift in Sources */ = {isa = PBXBuildFile; fileRef = B50576041CD7CBA50027FC58 /* AppDelegate.swift */; };
		B50576071CD7CBA50027FC58 /* ViewController.swift in Sources */ = {isa = PBXBuildFile; fileRef = B50576061CD7CBA50027FC58 /* ViewController.swift */; };
		B505760A1CD7CBA50027FC58 /* Main.storyboard in Resources */ = {isa = PBXBuildFile; fileRef = B50576081CD7CBA50027FC58 /* Main.storyboard */; };
		B505760C1CD7CBA50027FC58 /* Assets.xcassets in Resources */ = {isa = PBXBuildFile; fileRef = B505760B1CD7CBA50027FC58 /* Assets.xcassets */; };
		B505760F1CD7CBA50027FC58 /* LaunchScreen.storyboard in Resources */ = {isa = PBXBuildFile; fileRef = B505760D1CD7CBA50027FC58 /* LaunchScreen.storyboard */; };
		B50576171CD7CE920027FC58 /* Breadboard.swift in Sources */ = {isa = PBXBuildFile; fileRef = B50576161CD7CE920027FC58 /* Breadboard.swift */; };
		B50576191CD7E1EB0027FC58 /* Component.swift in Sources */ = {isa = PBXBuildFile; fileRef = B50576181CD7E1EB0027FC58 /* Component.swift */; };
		B505761B1CD7E6430027FC58 /* CircuitNode.swift in Sources */ = {isa = PBXBuildFile; fileRef = B505761A1CD7E6430027FC58 /* CircuitNode.swift */; };
		B505761D1CD7FDA40027FC58 /* Resistor.swift in Sources */ = {isa = PBXBuildFile; fileRef = B505761C1CD7FDA40027FC58 /* Resistor.swift */; };
		B505761F1CD80EF70027FC58 /* CircuitNodeGrid.swift in Sources */ = {isa = PBXBuildFile; fileRef = B505761E1CD80EF70027FC58 /* CircuitNodeGrid.swift */; };
		B543F89B1CD8755400ABB3DA /* BreadboardView.swift in Sources */ = {isa = PBXBuildFile; fileRef = B543F89A1CD8755400ABB3DA /* BreadboardView.swift */; };
		B543F89D1CD8778B00ABB3DA /* CircuitGridView.swift in Sources */ = {isa = PBXBuildFile; fileRef = B543F89C1CD8778B00ABB3DA /* CircuitGridView.swift */; };
		B543F89F1CD878BB00ABB3DA /* PlugView.swift in Sources */ = {isa = PBXBuildFile; fileRef = B543F89E1CD878BB00ABB3DA /* PlugView.swift */; };
/* End PBXBuildFile section */

/* Begin PBXFileReference section */
		B50576011CD7CBA50027FC58 /* Breadboard.app */ = {isa = PBXFileReference; explicitFileType = wrapper.application; includeInIndex = 0; path = Breadboard.app; sourceTree = BUILT_PRODUCTS_DIR; };
		B50576041CD7CBA50027FC58 /* AppDelegate.swift */ = {isa = PBXFileReference; lastKnownFileType = sourcecode.swift; path = AppDelegate.swift; sourceTree = "<group>"; };
		B50576061CD7CBA50027FC58 /* ViewController.swift */ = {isa = PBXFileReference; lastKnownFileType = sourcecode.swift; path = ViewController.swift; sourceTree = "<group>"; };
		B50576091CD7CBA50027FC58 /* Base */ = {isa = PBXFileReference; lastKnownFileType = file.storyboard; name = Base; path = Base.lproj/Main.storyboard; sourceTree = "<group>"; };
		B505760B1CD7CBA50027FC58 /* Assets.xcassets */ = {isa = PBXFileReference; lastKnownFileType = folder.assetcatalog; path = Assets.xcassets; sourceTree = "<group>"; };
		B505760E1CD7CBA50027FC58 /* Base */ = {isa = PBXFileReference; lastKnownFileType = file.storyboard; name = Base; path = Base.lproj/LaunchScreen.storyboard; sourceTree = "<group>"; };
		B50576101CD7CBA50027FC58 /* Info.plist */ = {isa = PBXFileReference; lastKnownFileType = text.plist.xml; path = Info.plist; sourceTree = "<group>"; };
		B50576161CD7CE920027FC58 /* Breadboard.swift */ = {isa = PBXFileReference; fileEncoding = 4; lastKnownFileType = sourcecode.swift; path = Breadboard.swift; sourceTree = "<group>"; };
		B50576181CD7E1EB0027FC58 /* Component.swift */ = {isa = PBXFileReference; fileEncoding = 4; lastKnownFileType = sourcecode.swift; path = Component.swift; sourceTree = "<group>"; };
		B505761A1CD7E6430027FC58 /* CircuitNode.swift */ = {isa = PBXFileReference; fileEncoding = 4; lastKnownFileType = sourcecode.swift; path = CircuitNode.swift; sourceTree = "<group>"; };
		B505761C1CD7FDA40027FC58 /* Resistor.swift */ = {isa = PBXFileReference; fileEncoding = 4; lastKnownFileType = sourcecode.swift; path = Resistor.swift; sourceTree = "<group>"; };
		B505761E1CD80EF70027FC58 /* CircuitNodeGrid.swift */ = {isa = PBXFileReference; fileEncoding = 4; lastKnownFileType = sourcecode.swift; path = CircuitNodeGrid.swift; sourceTree = "<group>"; };
		B543F89A1CD8755400ABB3DA /* BreadboardView.swift */ = {isa = PBXFileReference; fileEncoding = 4; lastKnownFileType = sourcecode.swift; path = BreadboardView.swift; sourceTree = "<group>"; };
		B543F89C1CD8778B00ABB3DA /* CircuitGridView.swift */ = {isa = PBXFileReference; fileEncoding = 4; lastKnownFileType = sourcecode.swift; path = CircuitGridView.swift; sourceTree = "<group>"; };
		B543F89E1CD878BB00ABB3DA /* PlugView.swift */ = {isa = PBXFileReference; fileEncoding = 4; lastKnownFileType = sourcecode.swift; path = PlugView.swift; sourceTree = "<group>"; };
/* End PBXFileReference section */

/* Begin PBXFrameworksBuildPhase section */
		B50575FE1CD7CBA50027FC58 /* Frameworks */ = {
			isa = PBXFrameworksBuildPhase;
			buildActionMask = 2147483647;
			files = (
			);
			runOnlyForDeploymentPostprocessing = 0;
		};
/* End PBXFrameworksBuildPhase section */

/* Begin PBXGroup section */
		B50575F81CD7CBA50027FC58 = {
			isa = PBXGroup;
			children = (
				B50576031CD7CBA50027FC58 /* Breadboard */,
				B50576021CD7CBA50027FC58 /* Products */,
			);
			sourceTree = "<group>";
		};
		B50576021CD7CBA50027FC58 /* Products */ = {
			isa = PBXGroup;
			children = (
				B50576011CD7CBA50027FC58 /* Breadboard.app */,
			);
			name = Products;
			sourceTree = "<group>";
		};
		B50576031CD7CBA50027FC58 /* Breadboard */ = {
			isa = PBXGroup;
			children = (
				B50576041CD7CBA50027FC58 /* AppDelegate.swift */,
				B543F89A1CD8755400ABB3DA /* BreadboardView.swift */,
				B543F89C1CD8778B00ABB3DA /* CircuitGridView.swift */,
				B543F89E1CD878BB00ABB3DA /* PlugView.swift */,
				B50576161CD7CE920027FC58 /* Breadboard.swift */,
				B505761E1CD80EF70027FC58 /* CircuitNodeGrid.swift */,
				B505761A1CD7E6430027FC58 /* CircuitNode.swift */,
				B50576181CD7E1EB0027FC58 /* Component.swift */,
				B505761C1CD7FDA40027FC58 /* Resistor.swift */,
				B50576061CD7CBA50027FC58 /* ViewController.swift */,
				B50576081CD7CBA50027FC58 /* Main.storyboard */,
				B505760B1CD7CBA50027FC58 /* Assets.xcassets */,
				B505760D1CD7CBA50027FC58 /* LaunchScreen.storyboard */,
				B50576101CD7CBA50027FC58 /* Info.plist */,
			);
			path = Breadboard;
			sourceTree = "<group>";
		};
/* End PBXGroup section */

/* Begin PBXNativeTarget section */
		B50576001CD7CBA50027FC58 /* Breadboard */ = {
			isa = PBXNativeTarget;
			buildConfigurationList = B50576131CD7CBA50027FC58 /* Build configuration list for PBXNativeTarget "Breadboard" */;
			buildPhases = (
				B50575FD1CD7CBA50027FC58 /* Sources */,
				B50575FE1CD7CBA50027FC58 /* Frameworks */,
				B50575FF1CD7CBA50027FC58 /* Resources */,
			);
			buildRules = (
			);
			dependencies = (
			);
			name = Breadboard;
			productName = Breadboard;
			productReference = B50576011CD7CBA50027FC58 /* Breadboard.app */;
			productType = "com.apple.product-type.application";
		};
/* End PBXNativeTarget section */

/* Begin PBXProject section */
		B50575F91CD7CBA50027FC58 /* Project object */ = {
			isa = PBXProject;
			attributes = {
				LastSwiftUpdateCheck = 0730;
				LastUpgradeCheck = 0730;
				ORGANIZATIONNAME = "Ben Anderman";
				TargetAttributes = {
					B50576001CD7CBA50027FC58 = {
						CreatedOnToolsVersion = 7.3;
					};
				};
			};
			buildConfigurationList = B50575FC1CD7CBA50027FC58 /* Build configuration list for PBXProject "Breadboard" */;
			compatibilityVersion = "Xcode 3.2";
			developmentRegion = English;
			hasScannedForEncodings = 0;
			knownRegions = (
				en,
				Base,
			);
			mainGroup = B50575F81CD7CBA50027FC58;
			productRefGroup = B50576021CD7CBA50027FC58 /* Products */;
			projectDirPath = "";
			projectRoot = "";
			targets = (
				B50576001CD7CBA50027FC58 /* Breadboard */,
			);
		};
/* End PBXProject section */

/* Begin PBXResourcesBuildPhase section */
		B50575FF1CD7CBA50027FC58 /* Resources */ = {
			isa = PBXResourcesBuildPhase;
			buildActionMask = 2147483647;
			files = (
				B505760F1CD7CBA50027FC58 /* LaunchScreen.storyboard in Resources */,
				B505760C1CD7CBA50027FC58 /* Assets.xcassets in Resources */,
				B505760A1CD7CBA50027FC58 /* Main.storyboard in Resources */,
			);
			runOnlyForDeploymentPostprocessing = 0;
		};
/* End PBXResourcesBuildPhase section */

/* Begin PBXSourcesBuildPhase section */
		B50575FD1CD7CBA50027FC58 /* Sources */ = {
			isa = PBXSourcesBuildPhase;
			buildActionMask = 2147483647;
			files = (
				B543F89D1CD8778B00ABB3DA /* CircuitGridView.swift in Sources */,
				B543F89B1CD8755400ABB3DA /* BreadboardView.swift in Sources */,
				B505761D1CD7FDA40027FC58 /* Resistor.swift in Sources */,
				B50576071CD7CBA50027FC58 /* ViewController.swift in Sources */,
				B543F89F1CD878BB00ABB3DA /* PlugView.swift in Sources */,
				B50576191CD7E1EB0027FC58 /* Component.swift in Sources */,
				B505761F1CD80EF70027FC58 /* CircuitNodeGrid.swift in Sources */,
				B50576051CD7CBA50027FC58 /* AppDelegate.swift in Sources */,
				B50576171CD7CE920027FC58 /* Breadboard.swift in Sources */,
				B505761B1CD7E6430027FC58 /* CircuitNode.swift in Sources */,
			);
			runOnlyForDeploymentPostprocessing = 0;
		};
/* End PBXSourcesBuildPhase section */

/* Begin PBXVariantGroup section */
		B50576081CD7CBA50027FC58 /* Main.storyboard */ = {
			isa = PBXVariantGroup;
			children = (
				B50576091CD7CBA50027FC58 /* Base */,
			);
			name = Main.storyboard;
			sourceTree = "<group>";
		};
		B505760D1CD7CBA50027FC58 /* LaunchScreen.storyboard */ = {
			isa = PBXVariantGroup;
			children = (
				B505760E1CD7CBA50027FC58 /* Base */,
			);
			name = LaunchScreen.storyboard;
			sourceTree = "<group>";
		};
/* End PBXVariantGroup section */

/* Begin XCBuildConfiguration section */
		B50576111CD7CBA50027FC58 /* Debug */ = {
			isa = XCBuildConfiguration;
			buildSettings = {
				ALWAYS_SEARCH_USER_PATHS = NO;
				CLANG_ANALYZER_NONNULL = YES;
				CLANG_CXX_LANGUAGE_STANDARD = "gnu++0x";
				CLANG_CXX_LIBRARY = "libc++";
				CLANG_ENABLE_MODULES = YES;
				CLANG_ENABLE_OBJC_ARC = YES;
				CLANG_WARN_BOOL_CONVERSION = YES;
				CLANG_WARN_CONSTANT_CONVERSION = YES;
				CLANG_WARN_DIRECT_OBJC_ISA_USAGE = YES_ERROR;
				CLANG_WARN_EMPTY_BODY = YES;
				CLANG_WARN_ENUM_CONVERSION = YES;
				CLANG_WARN_INT_CONVERSION = YES;
				CLANG_WARN_OBJC_ROOT_CLASS = YES_ERROR;
				CLANG_WARN_UNREACHABLE_CODE = YES;
				CLANG_WARN__DUPLICATE_METHOD_MATCH = YES;
				"CODE_SIGN_IDENTITY[sdk=iphoneos*]" = "iPhone Developer";
				COPY_PHASE_STRIP = NO;
				DEBUG_INFORMATION_FORMAT = dwarf;
				ENABLE_STRICT_OBJC_MSGSEND = YES;
				ENABLE_TESTABILITY = YES;
				GCC_C_LANGUAGE_STANDARD = gnu99;
				GCC_DYNAMIC_NO_PIC = NO;
				GCC_NO_COMMON_BLOCKS = YES;
				GCC_OPTIMIZATION_LEVEL = 0;
				GCC_PREPROCESSOR_DEFINITIONS = (
					"DEBUG=1",
					"$(inherited)",
				);
				GCC_WARN_64_TO_32_BIT_CONVERSION = YES;
				GCC_WARN_ABOUT_RETURN_TYPE = YES_ERROR;
				GCC_WARN_UNDECLARED_SELECTOR = YES;
				GCC_WARN_UNINITIALIZED_AUTOS = YES_AGGRESSIVE;
				GCC_WARN_UNUSED_FUNCTION = YES;
				GCC_WARN_UNUSED_VARIABLE = YES;
				IPHONEOS_DEPLOYMENT_TARGET = 9.3;
				MTL_ENABLE_DEBUG_INFO = YES;
				ONLY_ACTIVE_ARCH = YES;
				SDKROOT = iphoneos;
				SWIFT_OPTIMIZATION_LEVEL = "-Onone";
			};
			name = Debug;
		};
		B50576121CD7CBA50027FC58 /* Release */ = {
			isa = XCBuildConfiguration;
			buildSettings = {
				ALWAYS_SEARCH_USER_PATHS = NO;
				CLANG_ANALYZER_NONNULL = YES;
				CLANG_CXX_LANGUAGE_STANDARD = "gnu++0x";
				CLANG_CXX_LIBRARY = "libc++";
				CLANG_ENABLE_MODULES = YES;
				CLANG_ENABLE_OBJC_ARC = YES;
				CLANG_WARN_BOOL_CONVERSION = YES;
				CLANG_WARN_CONSTANT_CONVERSION = YES;
				CLANG_WARN_DIRECT_OBJC_ISA_USAGE = YES_ERROR;
				CLANG_WARN_EMPTY_BODY = YES;
				CLANG_WARN_ENUM_CONVERSION = YES;
				CLANG_WARN_INT_CONVERSION = YES;
				CLANG_WARN_OBJC_ROOT_CLASS = YES_ERROR;
				CLANG_WARN_UNREACHABLE_CODE = YES;
				CLANG_WARN__DUPLICATE_METHOD_MATCH = YES;
				"CODE_SIGN_IDENTITY[sdk=iphoneos*]" = "iPhone Developer";
				COPY_PHASE_STRIP = NO;
				DEBUG_INFORMATION_FORMAT = "dwarf-with-dsym";
				ENABLE_NS_ASSERTIONS = NO;
				ENABLE_STRICT_OBJC_MSGSEND = YES;
				GCC_C_LANGUAGE_STANDARD = gnu99;
				GCC_NO_COMMON_BLOCKS = YES;
				GCC_WARN_64_TO_32_BIT_CONVERSION = YES;
				GCC_WARN_ABOUT_RETURN_TYPE = YES_ERROR;
				GCC_WARN_UNDECLARED_SELECTOR = YES;
				GCC_WARN_UNINITIALIZED_AUTOS = YES_AGGRESSIVE;
				GCC_WARN_UNUSED_FUNCTION = YES;
				GCC_WARN_UNUSED_VARIABLE = YES;
				IPHONEOS_DEPLOYMENT_TARGET = 9.3;
				MTL_ENABLE_DEBUG_INFO = NO;
				SDKROOT = iphoneos;
				VALIDATE_PRODUCT = YES;
			};
			name = Release;
		};
		B50576141CD7CBA50027FC58 /* Debug */ = {
			isa = XCBuildConfiguration;
			buildSettings = {
				ASSETCATALOG_COMPILER_APPICON_NAME = AppIcon;
				INFOPLIST_FILE = Breadboard/Info.plist;
				LD_RUNPATH_SEARCH_PATHS = "$(inherited) @executable_path/Frameworks";
				PRODUCT_BUNDLE_IDENTIFIER = com.happyspork.Breadboard;
				PRODUCT_NAME = "$(TARGET_NAME)";
			};
			name = Debug;
		};
		B50576151CD7CBA50027FC58 /* Release */ = {
			isa = XCBuildConfiguration;
			buildSettings = {
				ASSETCATALOG_COMPILER_APPICON_NAME = AppIcon;
				INFOPLIST_FILE = Breadboard/Info.plist;
				LD_RUNPATH_SEARCH_PATHS = "$(inherited) @executable_path/Frameworks";
				PRODUCT_BUNDLE_IDENTIFIER = com.happyspork.Breadboard;
				PRODUCT_NAME = "$(TARGET_NAME)";
			};
			name = Release;
		};
/* End XCBuildConfiguration section */

/* Begin XCConfigurationList section */
		B50575FC1CD7CBA50027FC58 /* Build configuration list for PBXProject "Breadboard" */ = {
			isa = XCConfigurationList;
			buildConfigurations = (
				B50576111CD7CBA50027FC58 /* Debug */,
				B50576121CD7CBA50027FC58 /* Release */,
			);
			defaultConfigurationIsVisible = 0;
			defaultConfigurationName = Release;
		};
		B50576131CD7CBA50027FC58 /* Build configuration list for PBXNativeTarget "Breadboard" */ = {
			isa = XCConfigurationList;
			buildConfigurations = (
				B50576141CD7CBA50027FC58 /* Debug */,
				B50576151CD7CBA50027FC58 /* Release */,
			);
			defaultConfigurationIsVisible = 0;
			defaultConfigurationName = Release;
		};
/* End XCConfigurationList section */
	};
	rootObject = B50575F91CD7CBA50027FC58 /* Project object */;
}
